# THIS IS AN AUTOGENERATED FILE. DO NOT EDIT THIS FILE DIRECTLY.
# yarn lockfile v1


typescript@^4.9.5:
  version "4.9.5"
  resolved "https://bnpm.byted.org/typescript/-/typescript-4.9.5.tgz#095979f9bcc0d09da324d58d03ce8f8374cbe65a"
  integrity sha512-1FXk9E2Hm+QzZQ7z+McJiHL4NW1F2EzMu9Nq9i3zAaGqibafqYwCVU6WyWAuyQRRzOlxou8xZSyXLEN8oKj24g==

yaserver@^0.4.0:
  version "0.4.0"
  resolved "https://bnpm.byted.org/yaserver/-/yaserver-0.4.0.tgz#71b5fc53fb14c0f241d2dcfb3910707feeb619da"
  integrity sha512-98Vj4sgqB1fLcpf2wK7h3dFCaabISHU9CXZHaAx3QLkvTTCD31MzMcNbw5V5jZFBK7ffkFqfWig6B20KQt4wtA==
